
Microsoft Visual Studio Solution File, Format Version 12.00
# Visual Studio 2013
VisualStudioVersion = 12.0.21005.1
MinimumVisualStudioVersion = 10.0.40219.1
Project("{FAE04EC0-301F-11D3-BF4B-00C04F79EFBC}") = "gitHub01", "gitHub01\gitHub01.csproj", "{A17C305E-C8D6-4705-9022-E298036DA06B}"
EndProject
Project("{FAE04EC0-301F-11D3-BF4B-00C04F79EFBC}") = "gitHub01.Tests", "gitHub01.Tests\gitHub01.Tests.csproj", "{C2BB332E-BA11-41C3-9FBF-5F7A11A0B016}"
EndProject
Global
	GlobalSection(SolutionConfigurationPlatforms) = preSolution
		Debug|Any CPU = Debug|Any CPU
		Release|Any CPU = Release|Any CPU
	EndGlobalSection
	GlobalSection(ProjectConfigurationPlatforms) = postSolution
		{A17C305E-C8D6-4705-9022-E298036DA06B}.Debug|Any CPU.ActiveCfg = Debug|Any CPU
		{A17C305E-C8D6-4705-9022-E298036DA06B}.Debug|Any CPU.Build.0 = Debug|Any CPU
		{A17C305E-C8D6-4705-9022-E298036DA06B}.Release|Any CPU.ActiveCfg = Release|Any CPU
		{A17C305E-C8D6-4705-9022-E298036DA06B}.Release|Any CPU.Build.0 = Release|Any CPU
		{C2BB332E-BA11-41C3-9FBF-5F7A11A0B016}.Debug|Any CPU.ActiveCfg = Debug|Any CPU
		{C2BB332E-BA11-41C3-9FBF-5F7A11A0B016}.Debug|Any CPU.Build.0 = Debug|Any CPU
		{C2BB332E-BA11-41C3-9FBF-5F7A11A0B016}.Release|Any CPU.ActiveCfg = Release|Any CPU
		{C2BB332E-BA11-41C3-9FBF-5F7A11A0B016}.Release|Any CPU.Build.0 = Release|Any CPU
	EndGlobalSection
	GlobalSection(SolutionProperties) = preSolution
		HideSolutionNode = FALSE
	EndGlobalSection
EndGlobal
